
Microsoft Visual Studio Solution File, Format Version 12.00
# Visual Studio Version 16
VisualStudioVersion = 16.0.29102.190
MinimumVisualStudioVersion = 10.0.40219.1
Project("{FAE04EC0-301F-11D3-BF4B-00C04F79EFBC}") = "HotelRafaCarva", "HotelRafaCarva.csproj", "{E9A41955-CBA0-4442-988B-6817F6AE9324}"
EndProject
Project("{2150E333-8FDC-42A3-9474-1A3956D46DE8}") = "src", "src", "{2D096EE7-972B-4911-8DAB-A062FC768123}"
EndProject
Project("{2150E333-8FDC-42A3-9474-1A3956D46DE8}") = "tests", "tests", "{24157773-FE1A-415A-AFA5-0F4DF2FD216A}"
EndProject
Project("{FAE04EC0-301F-11D3-BF4B-00C04F79EFBC}") = "XUnitTestHotel", "..\XUnitTestHotel\XUnitTestHotel.csproj", "{4AE37433-CC48-4394-BBAE-619DEEBA699D}"
EndProject
Global
	GlobalSection(SolutionConfigurationPlatforms) = preSolution
		Debug|Any CPU = Debug|Any CPU
		Release|Any CPU = Release|Any CPU
	EndGlobalSection
	GlobalSection(ProjectConfigurationPlatforms) = postSolution
		{E9A41955-CBA0-4442-988B-6817F6AE9324}.Debug|Any CPU.ActiveCfg = Debug|Any CPU
		{E9A41955-CBA0-4442-988B-6817F6AE9324}.Debug|Any CPU.Build.0 = Debug|Any CPU
		{E9A41955-CBA0-4442-988B-6817F6AE9324}.Release|Any CPU.ActiveCfg = Release|Any CPU
		{E9A41955-CBA0-4442-988B-6817F6AE9324}.Release|Any CPU.Build.0 = Release|Any CPU
		{4AE37433-CC48-4394-BBAE-619DEEBA699D}.Debug|Any CPU.ActiveCfg = Debug|Any CPU
		{4AE37433-CC48-4394-BBAE-619DEEBA699D}.Debug|Any CPU.Build.0 = Debug|Any CPU
		{4AE37433-CC48-4394-BBAE-619DEEBA699D}.Release|Any CPU.ActiveCfg = Release|Any CPU
		{4AE37433-CC48-4394-BBAE-619DEEBA699D}.Release|Any CPU.Build.0 = Release|Any CPU
	EndGlobalSection
	GlobalSection(SolutionProperties) = preSolution
		HideSolutionNode = FALSE
	EndGlobalSection
	GlobalSection(NestedProjects) = preSolution
		{E9A41955-CBA0-4442-988B-6817F6AE9324} = {2D096EE7-972B-4911-8DAB-A062FC768123}
		{4AE37433-CC48-4394-BBAE-619DEEBA699D} = {24157773-FE1A-415A-AFA5-0F4DF2FD216A}
	EndGlobalSection
	GlobalSection(ExtensibilityGlobals) = postSolution
		SolutionGuid = {03E8D981-94A5-4B18-BD2F-95D7A7DDC24F}
	EndGlobalSection
EndGlobal
